
Microsoft Visual Studio Solution File, Format Version 12.00
# Visual Studio 15
VisualStudioVersion = 15.0.28010.2050
MinimumVisualStudioVersion = 10.0.40219.1
Project("{8BC9CEB8-8B4A-11D0-8D11-00A0C91BC942}") = "Defiers", "Defiers.vcxproj", "{80B63196-812D-44F3-9288-4E16775E63C9}"
EndProject
Global
	GlobalSection(SolutionConfigurationPlatforms) = preSolution
		Debug|x64 = Debug|x64
		Debug|x86 = Debug|x86
		Release|x64 = Release|x64
		Release|x86 = Release|x86
	EndGlobalSection
	GlobalSection(ProjectConfigurationPlatforms) = postSolution
		{80B63196-812D-44F3-9288-4E16775E63C9}.Debug|x64.ActiveCfg = Debug|x64
		{80B63196-812D-44F3-9288-4E16775E63C9}.Debug|x64.Build.0 = Debug|x64
		{80B63196-812D-44F3-9288-4E16775E63C9}.Debug|x86.ActiveCfg = Debug|Win32
		{80B63196-812D-44F3-9288-4E16775E63C9}.Debug|x86.Build.0 = Debug|Win32
		{80B63196-812D-44F3-9288-4E16775E63C9}.Release|x64.ActiveCfg = Release|x64
		{80B63196-812D-44F3-9288-4E16775E63C9}.Release|x64.Build.0 = Release|x64
		{80B63196-812D-44F3-9288-4E16775E63C9}.Release|x86.ActiveCfg = Release|Win32
		{80B63196-812D-44F3-9288-4E16775E63C9}.Release|x86.Build.0 = Release|Win32
	EndGlobalSection
	GlobalSection(SolutionProperties) = preSolution
		HideSolutionNode = FALSE
	EndGlobalSection
	GlobalSection(ExtensibilityGlobals) = postSolution
		SolutionGuid = {11D9AF6F-5277-4168-9ACD-C9C60CC19812}
	EndGlobalSection
EndGlobal
